// !$*UTF8*$!
{
	archiveVersion = 1;
	classes = {
	};
	objectVersion = 50;
	objects = {

/* Begin PBXBuildFile section */
		081856AD243985DD00BAE796 /* CurrencyTextField.swift in Sources */ = {isa = PBXBuildFile; fileRef = 081856AC243985DD00BAE796 /* CurrencyTextField.swift */; };
		081856B524399DE400BAE796 /* window_shopper_appTests.swift in Sources */ = {isa = PBXBuildFile; fileRef = 081856B424399DE400BAE796 /* window_shopper_appTests.swift */; };
		081856BE24399E2E00BAE796 /* Wage.swift in Sources */ = {isa = PBXBuildFile; fileRef = 081856BD24399E2E00BAE796 /* Wage.swift */; };
		081856BF24399F6C00BAE796 /* Wage.swift in Sources */ = {isa = PBXBuildFile; fileRef = 081856BD24399E2E00BAE796 /* Wage.swift */; };
		08BD020F2438DA9500249D43 /* AppDelegate.swift in Sources */ = {isa = PBXBuildFile; fileRef = 08BD020E2438DA9500249D43 /* AppDelegate.swift */; };
		08BD02112438DA9500249D43 /* MainVC.swift in Sources */ = {isa = PBXBuildFile; fileRef = 08BD02102438DA9500249D43 /* MainVC.swift */; };
		08BD02142438DA9500249D43 /* Main.storyboard in Resources */ = {isa = PBXBuildFile; fileRef = 08BD02122438DA9500249D43 /* Main.storyboard */; };
		08BD02162438DA9600249D43 /* Assets.xcassets in Resources */ = {isa = PBXBuildFile; fileRef = 08BD02152438DA9600249D43 /* Assets.xcassets */; };
		08BD02192438DA9600249D43 /* LaunchScreen.storyboard in Resources */ = {isa = PBXBuildFile; fileRef = 08BD02172438DA9600249D43 /* LaunchScreen.storyboard */; };
/* End PBXBuildFile section */

/* Begin PBXContainerItemProxy section */
		081856B724399DE400BAE796 /* PBXContainerItemProxy */ = {
			isa = PBXContainerItemProxy;
			containerPortal = 08BD02032438DA9500249D43 /* Project object */;
			proxyType = 1;
			remoteGlobalIDString = 08BD020A2438DA9500249D43;
			remoteInfo = "window-shopper-app";
		};
/* End PBXContainerItemProxy section */

/* Begin PBXFileReference section */
		081856AC243985DD00BAE796 /* CurrencyTextField.swift */ = {isa = PBXFileReference; lastKnownFileType = sourcecode.swift; path = CurrencyTextField.swift; sourceTree = "<group>"; };
		081856B224399DE400BAE796 /* window-shopper-appTests.xctest */ = {isa = PBXFileReference; explicitFileType = wrapper.cfbundle; includeInIndex = 0; path = "window-shopper-appTests.xctest"; sourceTree = BUILT_PRODUCTS_DIR; };
		081856B424399DE400BAE796 /* window_shopper_appTests.swift */ = {isa = PBXFileReference; lastKnownFileType = sourcecode.swift; path = window_shopper_appTests.swift; sourceTree = "<group>"; };
		081856B624399DE400BAE796 /* Info.plist */ = {isa = PBXFileReference; lastKnownFileType = text.plist.xml; path = Info.plist; sourceTree = "<group>"; };
		081856BD24399E2E00BAE796 /* Wage.swift */ = {isa = PBXFileReference; lastKnownFileType = sourcecode.swift; path = Wage.swift; sourceTree = "<group>"; };
		08BD020B2438DA9500249D43 /* window-shopper-app.app */ = {isa = PBXFileReference; explicitFileType = wrapper.application; includeInIndex = 0; path = "window-shopper-app.app"; sourceTree = BUILT_PRODUCTS_DIR; };
		08BD020E2438DA9500249D43 /* AppDelegate.swift */ = {isa = PBXFileReference; lastKnownFileType = sourcecode.swift; path = AppDelegate.swift; sourceTree = "<group>"; };
		08BD02102438DA9500249D43 /* MainVC.swift */ = {isa = PBXFileReference; lastKnownFileType = sourcecode.swift; path = MainVC.swift; sourceTree = "<group>"; };
		08BD02132438DA9500249D43 /* Base */ = {isa = PBXFileReference; lastKnownFileType = file.storyboard; name = Base; path = Base.lproj/Main.storyboard; sourceTree = "<group>"; };
		08BD02152438DA9600249D43 /* Assets.xcassets */ = {isa = PBXFileReference; lastKnownFileType = folder.assetcatalog; path = Assets.xcassets; sourceTree = "<group>"; };
		08BD02182438DA9600249D43 /* Base */ = {isa = PBXFileReference; lastKnownFileType = file.storyboard; name = Base; path = Base.lproj/LaunchScreen.storyboard; sourceTree = "<group>"; };
		08BD021A2438DA9600249D43 /* Info.plist */ = {isa = PBXFileReference; lastKnownFileType = text.plist.xml; path = Info.plist; sourceTree = "<group>"; };
/* End PBXFileReference section */

/* Begin PBXFrameworksBuildPhase section */
		081856AF24399DE400BAE796 /* Frameworks */ = {
			isa = PBXFrameworksBuildPhase;
			buildActionMask = 2147483647;
			files = (
			);
			runOnlyForDeploymentPostprocessing = 0;
		};
		08BD02082438DA9500249D43 /* Frameworks */ = {
			isa = PBXFrameworksBuildPhase;
			buildActionMask = 2147483647;
			files = (
			);
			runOnlyForDeploymentPostprocessing = 0;
		};
/* End PBXFrameworksBuildPhase section */

/* Begin PBXGroup section */
		081856AA2439840F00BAE796 /* Controller */ = {
			isa = PBXGroup;
			children = (
				08BD02102438DA9500249D43 /* MainVC.swift */,
			);
			path = Controller;
			sourceTree = "<group>";
		};
		081856AB2439858C00BAE796 /* Views */ = {
			isa = PBXGroup;
			children = (
				081856AC243985DD00BAE796 /* CurrencyTextField.swift */,
			);
			path = Views;
			sourceTree = "<group>";
		};
		081856B324399DE400BAE796 /* window-shopper-appTests */ = {
			isa = PBXGroup;
			children = (
				081856B424399DE400BAE796 /* window_shopper_appTests.swift */,
				081856B624399DE400BAE796 /* Info.plist */,
			);
			path = "window-shopper-appTests";
			sourceTree = "<group>";
		};
		081856BC24399E0E00BAE796 /* Model */ = {
			isa = PBXGroup;
			children = (
				081856BD24399E2E00BAE796 /* Wage.swift */,
			);
			path = Model;
			sourceTree = "<group>";
		};
		08BD02022438DA9500249D43 = {
			isa = PBXGroup;
			children = (
				08BD020D2438DA9500249D43 /* window-shopper-app */,
				081856B324399DE400BAE796 /* window-shopper-appTests */,
				08BD020C2438DA9500249D43 /* Products */,
			);
			sourceTree = "<group>";
		};
		08BD020C2438DA9500249D43 /* Products */ = {
			isa = PBXGroup;
			children = (
				08BD020B2438DA9500249D43 /* window-shopper-app.app */,
				081856B224399DE400BAE796 /* window-shopper-appTests.xctest */,
			);
			name = Products;
			sourceTree = "<group>";
		};
		08BD020D2438DA9500249D43 /* window-shopper-app */ = {
			isa = PBXGroup;
			children = (
				081856BC24399E0E00BAE796 /* Model */,
				081856AB2439858C00BAE796 /* Views */,
				081856AA2439840F00BAE796 /* Controller */,
				08BD020E2438DA9500249D43 /* AppDelegate.swift */,
				08BD02122438DA9500249D43 /* Main.storyboard */,
				08BD02152438DA9600249D43 /* Assets.xcassets */,
				08BD02172438DA9600249D43 /* LaunchScreen.storyboard */,
				08BD021A2438DA9600249D43 /* Info.plist */,
			);
			path = "window-shopper-app";
			sourceTree = "<group>";
		};
/* End PBXGroup section */

/* Begin PBXNativeTarget section */
		081856B124399DE400BAE796 /* window-shopper-appTests */ = {
			isa = PBXNativeTarget;
			buildConfigurationList = 081856B924399DE400BAE796 /* Build configuration list for PBXNativeTarget "window-shopper-appTests" */;
			buildPhases = (
				081856AE24399DE400BAE796 /* Sources */,
				081856AF24399DE400BAE796 /* Frameworks */,
				081856B024399DE400BAE796 /* Resources */,
			);
			buildRules = (
			);
			dependencies = (
				081856B824399DE400BAE796 /* PBXTargetDependency */,
			);
			name = "window-shopper-appTests";
			productName = "window-shopper-appTests";
			productReference = 081856B224399DE400BAE796 /* window-shopper-appTests.xctest */;
			productType = "com.apple.product-type.bundle.unit-test";
		};
		08BD020A2438DA9500249D43 /* window-shopper-app */ = {
			isa = PBXNativeTarget;
			buildConfigurationList = 08BD021D2438DA9600249D43 /* Build configuration list for PBXNativeTarget "window-shopper-app" */;
			buildPhases = (
				08BD02072438DA9500249D43 /* Sources */,
				08BD02082438DA9500249D43 /* Frameworks */,
				08BD02092438DA9500249D43 /* Resources */,
			);
			buildRules = (
			);
			dependencies = (
			);
			name = "window-shopper-app";
			productName = "window-shopper-app";
			productReference = 08BD020B2438DA9500249D43 /* window-shopper-app.app */;
			productType = "com.apple.product-type.application";
		};
/* End PBXNativeTarget section */

/* Begin PBXProject section */
		08BD02032438DA9500249D43 /* Project object */ = {
			isa = PBXProject;
			attributes = {
				LastSwiftUpdateCheck = 1020;
				LastUpgradeCheck = 1020;
				ORGANIZATIONNAME = "Priyank Ahuja";
				TargetAttributes = {
					081856B124399DE400BAE796 = {
						CreatedOnToolsVersion = 10.2.1;
						TestTargetID = 08BD020A2438DA9500249D43;
					};
					08BD020A2438DA9500249D43 = {
						CreatedOnToolsVersion = 10.2.1;
					};
				};
			};
			buildConfigurationList = 08BD02062438DA9500249D43 /* Build configuration list for PBXProject "window-shopper-app" */;
			compatibilityVersion = "Xcode 9.3";
			developmentRegion = en;
			hasScannedForEncodings = 0;
			knownRegions = (
				en,
				Base,
			);
			mainGroup = 08BD02022438DA9500249D43;
			productRefGroup = 08BD020C2438DA9500249D43 /* Products */;
			projectDirPath = "";
			projectRoot = "";
			targets = (
				08BD020A2438DA9500249D43 /* window-shopper-app */,
				081856B124399DE400BAE796 /* window-shopper-appTests */,
			);
		};
/* End PBXProject section */

/* Begin PBXResourcesBuildPhase section */
		081856B024399DE400BAE796 /* Resources */ = {
			isa = PBXResourcesBuildPhase;
			buildActionMask = 2147483647;
			files = (
			);
			runOnlyForDeploymentPostprocessing = 0;
		};
		08BD02092438DA9500249D43 /* Resources */ = {
			isa = PBXResourcesBuildPhase;
			buildActionMask = 2147483647;
			files = (
				08BD02192438DA9600249D43 /* LaunchScreen.storyboard in Resources */,
				08BD02162438DA9600249D43 /* Assets.xcassets in Resources */,
				08BD02142438DA9500249D43 /* Main.storyboard in Resources */,
			);
			runOnlyForDeploymentPostprocessing = 0;
		};
/* End PBXResourcesBuildPhase section */

/* Begin PBXSourcesBuildPhase section */
		081856AE24399DE400BAE796 /* Sources */ = {
			isa = PBXSourcesBuildPhase;
			buildActionMask = 2147483647;
			files = (
				081856B524399DE400BAE796 /* window_shopper_appTests.swift in Sources */,
				081856BF24399F6C00BAE796 /* Wage.swift in Sources */,
			);
			runOnlyForDeploymentPostprocessing = 0;
		};
		08BD02072438DA9500249D43 /* Sources */ = {
			isa = PBXSourcesBuildPhase;
			buildActionMask = 2147483647;
			files = (
				081856AD243985DD00BAE796 /* CurrencyTextField.swift in Sources */,
				081856BE24399E2E00BAE796 /* Wage.swift in Sources */,
				08BD02112438DA9500249D43 /* MainVC.swift in Sources */,
				08BD020F2438DA9500249D43 /* AppDelegate.swift in Sources */,
			);
			runOnlyForDeploymentPostprocessing = 0;
		};
/* End PBXSourcesBuildPhase section */

/* Begin PBXTargetDependency section */
		081856B824399DE400BAE796 /* PBXTargetDependency */ = {
			isa = PBXTargetDependency;
			target = 08BD020A2438DA9500249D43 /* window-shopper-app */;
			targetProxy = 081856B724399DE400BAE796 /* PBXContainerItemProxy */;
		};
/* End PBXTargetDependency section */

/* Begin PBXVariantGroup section */
		08BD02122438DA9500249D43 /* Main.storyboard */ = {
			isa = PBXVariantGroup;
			children = (
				08BD02132438DA9500249D43 /* Base */,
			);
			name = Main.storyboard;
			sourceTree = "<group>";
		};
		08BD02172438DA9600249D43 /* LaunchScreen.storyboard */ = {
			isa = PBXVariantGroup;
			children = (
				08BD02182438DA9600249D43 /* Base */,
			);
			name = LaunchScreen.storyboard;
			sourceTree = "<group>";
		};
/* End PBXVariantGroup section */

/* Begin XCBuildConfiguration section */
		081856BA24399DE400BAE796 /* Debug */ = {
			isa = XCBuildConfiguration;
			buildSettings = {
				BUNDLE_LOADER = "$(TEST_HOST)";
				CODE_SIGN_STYLE = Automatic;
				INFOPLIST_FILE = "window-shopper-appTests/Info.plist";
				LD_RUNPATH_SEARCH_PATHS = (
					"$(inherited)",
					"@executable_path/Frameworks",
					"@loader_path/Frameworks",
				);
				PRODUCT_BUNDLE_IDENTIFIER = "priyankahuja.window-shopper-appTests";
				PRODUCT_NAME = "$(TARGET_NAME)";
				SWIFT_VERSION = 5.0;
				TARGETED_DEVICE_FAMILY = "1,2";
				TEST_HOST = "$(BUILT_PRODUCTS_DIR)/window-shopper-app.app/window-shopper-app";
			};
			name = Debug;
		};
		081856BB24399DE400BAE796 /* Release */ = {
			isa = XCBuildConfiguration;
			buildSettings = {
				BUNDLE_LOADER = "$(TEST_HOST)";
				CODE_SIGN_STYLE = Automatic;
				INFOPLIST_FILE = "window-shopper-appTests/Info.plist";
				LD_RUNPATH_SEARCH_PATHS = (
					"$(inherited)",
					"@executable_path/Frameworks",
					"@loader_path/Frameworks",
				);
				PRODUCT_BUNDLE_IDENTIFIER = "priyankahuja.window-shopper-appTests";
				PRODUCT_NAME = "$(TARGET_NAME)";
				SWIFT_VERSION = 5.0;
				TARGETED_DEVICE_FAMILY = "1,2";
				TEST_HOST = "$(BUILT_PRODUCTS_DIR)/window-shopper-app.app/window-shopper-app";
			};
			name = Release;
		};
		08BD021B2438DA9600249D43 /* Debug */ = {
			isa = XCBuildConfiguration;
			buildSettings = {
				ALWAYS_SEARCH_USER_PATHS = NO;
				CLANG_ANALYZER_NONNULL = YES;
				CLANG_ANALYZER_NUMBER_OBJECT_CONVERSION = YES_AGGRESSIVE;
				CLANG_CXX_LANGUAGE_STANDARD = "gnu++14";
				CLANG_CXX_LIBRARY = "libc++";
				CLANG_ENABLE_MODULES = YES;
				CLANG_ENABLE_OBJC_ARC = YES;
				CLANG_ENABLE_OBJC_WEAK = YES;
				CLANG_WARN_BLOCK_CAPTURE_AUTORELEASING = YES;
				CLANG_WARN_BOOL_CONVERSION = YES;
				CLANG_WARN_COMMA = YES;
				CLANG_WARN_CONSTANT_CONVERSION = YES;
				CLANG_WARN_DEPRECATED_OBJC_IMPLEMENTATIONS = YES;
				CLANG_WARN_DIRECT_OBJC_ISA_USAGE = YES_ERROR;
				CLANG_WARN_DOCUMENTATION_COMMENTS = YES;
				CLANG_WARN_EMPTY_BODY = YES;
				CLANG_WARN_ENUM_CONVERSION = YES;
				CLANG_WARN_INFINITE_RECURSION = YES;
				CLANG_WARN_INT_CONVERSION = YES;
				CLANG_WARN_NON_LITERAL_NULL_CONVERSION = YES;
				CLANG_WARN_OBJC_IMPLICIT_RETAIN_SELF = YES;
				CLANG_WARN_OBJC_LITERAL_CONVERSION = YES;
				CLANG_WARN_OBJC_ROOT_CLASS = YES_ERROR;
				CLANG_WARN_RANGE_LOOP_ANALYSIS = YES;
				CLANG_WARN_STRICT_PROTOTYPES = YES;
				CLANG_WARN_SUSPICIOUS_MOVE = YES;
				CLANG_WARN_UNGUARDED_AVAILABILITY = YES_AGGRESSIVE;
				CLANG_WARN_UNREACHABLE_CODE = YES;
				CLANG_WARN__DUPLICATE_METHOD_MATCH = YES;
				CODE_SIGN_IDENTITY = "iPhone Developer";
				COPY_PHASE_STRIP = NO;
				DEBUG_INFORMATION_FORMAT = dwarf;
				ENABLE_STRICT_OBJC_MSGSEND = YES;
				ENABLE_TESTABILITY = YES;
				GCC_C_LANGUAGE_STANDARD = gnu11;
				GCC_DYNAMIC_NO_PIC = NO;
				GCC_NO_COMMON_BLOCKS = YES;
				GCC_OPTIMIZATION_LEVEL = 0;
				GCC_PREPROCESSOR_DEFINITIONS = (
					"DEBUG=1",
					"$(inherited)",
				);
				GCC_WARN_64_TO_32_BIT_CONVERSION = YES;
				GCC_WARN_ABOUT_RETURN_TYPE = YES_ERROR;
				GCC_WARN_UNDECLARED_SELECTOR = YES;
				GCC_WARN_UNINITIALIZED_AUTOS = YES_AGGRESSIVE;
				GCC_WARN_UNUSED_FUNCTION = YES;
				GCC_WARN_UNUSED_VARIABLE = YES;
				IPHONEOS_DEPLOYMENT_TARGET = 12.2;
				MTL_ENABLE_DEBUG_INFO = INCLUDE_SOURCE;
				MTL_FAST_MATH = YES;
				ONLY_ACTIVE_ARCH = YES;
				SDKROOT = iphoneos;
				SWIFT_ACTIVE_COMPILATION_CONDITIONS = DEBUG;
				SWIFT_OPTIMIZATION_LEVEL = "-Onone";
			};
			name = Debug;
		};
		08BD021C2438DA9600249D43 /* Release */ = {
			isa = XCBuildConfiguration;
			buildSettings = {
				ALWAYS_SEARCH_USER_PATHS = NO;
				CLANG_ANALYZER_NONNULL = YES;
				CLANG_ANALYZER_NUMBER_OBJECT_CONVERSION = YES_AGGRESSIVE;
				CLANG_CXX_LANGUAGE_STANDARD = "gnu++14";
				CLANG_CXX_LIBRARY = "libc++";
				CLANG_ENABLE_MODULES = YES;
				CLANG_ENABLE_OBJC_ARC = YES;
				CLANG_ENABLE_OBJC_WEAK = YES;
				CLANG_WARN_BLOCK_CAPTURE_AUTORELEASING = YES;
				CLANG_WARN_BOOL_CONVERSION = YES;
				CLANG_WARN_COMMA = YES;
				CLANG_WARN_CONSTANT_CONVERSION = YES;
				CLANG_WARN_DEPRECATED_OBJC_IMPLEMENTATIONS = YES;
				CLANG_WARN_DIRECT_OBJC_ISA_USAGE = YES_ERROR;
				CLANG_WARN_DOCUMENTATION_COMMENTS = YES;
				CLANG_WARN_EMPTY_BODY = YES;
				CLANG_WARN_ENUM_CONVERSION = YES;
				CLANG_WARN_INFINITE_RECURSION = YES;
				CLANG_WARN_INT_CONVERSION = YES;
				CLANG_WARN_NON_LITERAL_NULL_CONVERSION = YES;
				CLANG_WARN_OBJC_IMPLICIT_RETAIN_SELF = YES;
				CLANG_WARN_OBJC_LITERAL_CONVERSION = YES;
				CLANG_WARN_OBJC_ROOT_CLASS = YES_ERROR;
				CLANG_WARN_RANGE_LOOP_ANALYSIS = YES;
				CLANG_WARN_STRICT_PROTOTYPES = YES;
				CLANG_WARN_SUSPICIOUS_MOVE = YES;
				CLANG_WARN_UNGUARDED_AVAILABILITY = YES_AGGRESSIVE;
				CLANG_WARN_UNREACHABLE_CODE = YES;
				CLANG_WARN__DUPLICATE_METHOD_MATCH = YES;
				CODE_SIGN_IDENTITY = "iPhone Developer";
				COPY_PHASE_STRIP = NO;
				DEBUG_INFORMATION_FORMAT = "dwarf-with-dsym";
				ENABLE_NS_ASSERTIONS = NO;
				ENABLE_STRICT_OBJC_MSGSEND = YES;
				GCC_C_LANGUAGE_STANDARD = gnu11;
				GCC_NO_COMMON_BLOCKS = YES;
				GCC_WARN_64_TO_32_BIT_CONVERSION = YES;
				GCC_WARN_ABOUT_RETURN_TYPE = YES_ERROR;
				GCC_WARN_UNDECLARED_SELECTOR = YES;
				GCC_WARN_UNINITIALIZED_AUTOS = YES_AGGRESSIVE;
				GCC_WARN_UNUSED_FUNCTION = YES;
				GCC_WARN_UNUSED_VARIABLE = YES;
				IPHONEOS_DEPLOYMENT_TARGET = 12.2;
				MTL_ENABLE_DEBUG_INFO = NO;
				MTL_FAST_MATH = YES;
				SDKROOT = iphoneos;
				SWIFT_COMPILATION_MODE = wholemodule;
				SWIFT_OPTIMIZATION_LEVEL = "-O";
				VALIDATE_PRODUCT = YES;
			};
			name = Release;
		};
		08BD021E2438DA9600249D43 /* Debug */ = {
			isa = XCBuildConfiguration;
			buildSettings = {
				ASSETCATALOG_COMPILER_APPICON_NAME = AppIcon;
				CODE_SIGN_STYLE = Automatic;
				INFOPLIST_FILE = "window-shopper-app/Info.plist";
				LD_RUNPATH_SEARCH_PATHS = (
					"$(inherited)",
					"@executable_path/Frameworks",
				);
				PRODUCT_BUNDLE_IDENTIFIER = "priyankahuja.window-shopper-app";
				PRODUCT_NAME = "$(TARGET_NAME)";
				SWIFT_VERSION = 5.0;
				TARGETED_DEVICE_FAMILY = "1,2";
			};
			name = Debug;
		};
		08BD021F2438DA9600249D43 /* Release */ = {
			isa = XCBuildConfiguration;
			buildSettings = {
				ASSETCATALOG_COMPILER_APPICON_NAME = AppIcon;
				CODE_SIGN_STYLE = Automatic;
				INFOPLIST_FILE = "window-shopper-app/Info.plist";
				LD_RUNPATH_SEARCH_PATHS = (
					"$(inherited)",
					"@executable_path/Frameworks",
				);
				PRODUCT_BUNDLE_IDENTIFIER = "priyankahuja.window-shopper-app";
				PRODUCT_NAME = "$(TARGET_NAME)";
				SWIFT_VERSION = 5.0;
				TARGETED_DEVICE_FAMILY = "1,2";
			};
			name = Release;
		};
/* End XCBuildConfiguration section */

/* Begin XCConfigurationList section */
		081856B924399DE400BAE796 /* Build configuration list for PBXNativeTarget "window-shopper-appTests" */ = {
			isa = XCConfigurationList;
			buildConfigurations = (
				081856BA24399DE400BAE796 /* Debug */,
				081856BB24399DE400BAE796 /* Release */,
			);
			defaultConfigurationIsVisible = 0;
			defaultConfigurationName = Release;
		};
		08BD02062438DA9500249D43 /* Build configuration list for PBXProject "window-shopper-app" */ = {
			isa = XCConfigurationList;
			buildConfigurations = (
				08BD021B2438DA9600249D43 /* Debug */,
				08BD021C2438DA9600249D43 /* Release */,
			);
			defaultConfigurationIsVisible = 0;
			defaultConfigurationName = Release;
		};
		08BD021D2438DA9600249D43 /* Build configuration list for PBXNativeTarget "window-shopper-app" */ = {
			isa = XCConfigurationList;
			buildConfigurations = (
				08BD021E2438DA9600249D43 /* Debug */,
				08BD021F2438DA9600249D43 /* Release */,
			);
			defaultConfigurationIsVisible = 0;
			defaultConfigurationName = Release;
		};
/* End XCConfigurationList section */
	};
	rootObject = 08BD02032438DA9500249D43 /* Project object */;
}
